
Microsoft Visual Studio Solution File, Format Version 12.00
# Visual Studio 14
VisualStudioVersion = 14.0.25123.0
MinimumVisualStudioVersion = 10.0.40219.1
Project("{2150E333-8FDC-42A3-9474-1A3956D46DE8}") = "1.Presentention", "1.Presentention", "{D1CDD9E6-C3EA-44EF-8DCE-644247A65585}"
EndProject
Project("{2150E333-8FDC-42A3-9474-1A3956D46DE8}") = "2.Application", "2.Application", "{3ADB3157-83EB-46D2-9D1B-81D7610B96CC}"
EndProject
Project("{2150E333-8FDC-42A3-9474-1A3956D46DE8}") = "3.Domain", "3.Domain", "{7DEB4D8C-F82E-4FD3-9DF4-FEF958CD175F}"
EndProject
Project("{2150E333-8FDC-42A3-9474-1A3956D46DE8}") = "4.Infrastructure", "4.Infrastructure", "{550ED578-8B5F-45CD-AF82-4BD14F9E02F3}"
EndProject
Project("{8BB2217D-0F2D-49D1-97BC-3654ED321F3B}") = "MvcCoreDemo.UI", "MvcCoreDemo.UI\MvcCoreDemo.UI.xproj", "{2A680314-42E4-4274-9374-5AA7F5B3B6FC}"
EndProject
Project("{2150E333-8FDC-42A3-9474-1A3956D46DE8}") = "4.1Data", "4.1Data", "{F82926FE-24FE-4EE8-A814-5F63534A0E2A}"
EndProject
Project("{2150E333-8FDC-42A3-9474-1A3956D46DE8}") = "4.2CrossCutting", "4.2CrossCutting", "{73AB73BA-2F04-4A3B-926D-8CCA4E457821}"
EndProject
Project("{2150E333-8FDC-42A3-9474-1A3956D46DE8}") = "4.3Event", "4.3Event", "{571D8D31-66F1-4DE1-AE3C-C5F0A0339564}"
EndProject
Project("{8BB2217D-0F2D-49D1-97BC-3654ED321F3B}") = "MvcCoreDemo.Application", "MvcCoreDemo.Application\MvcCoreDemo.Application.xproj", "{19C665C7-3466-446A-9661-4063F1DBCE62}"
EndProject
Project("{8BB2217D-0F2D-49D1-97BC-3654ED321F3B}") = "MvcCoreDemo.Domain", "MvcCoreDemo.Domain\MvcCoreDemo.Domain.xproj", "{FD59CBB5-FE4B-464E-B4AA-98BED46C4D22}"
EndProject
Project("{8BB2217D-0F2D-49D1-97BC-3654ED321F3B}") = "MvcCoreDemo.Data.Context", "MvcCoreDemo.Data.Context\MvcCoreDemo.Data.Context.xproj", "{AA6DF1F2-5ECB-415A-B869-977724D82132}"
EndProject
Project("{8BB2217D-0F2D-49D1-97BC-3654ED321F3B}") = "MvcCoreDemo.Data.Repository", "MvcCoreDemo.Data.Repository\MvcCoreDemo.Data.Repository.xproj", "{98E45A66-B9ED-424F-B566-3CE346C88428}"
EndProject
Project("{8BB2217D-0F2D-49D1-97BC-3654ED321F3B}") = "MvcCoreDemo.CrossCutting.InversionOfControl", "MvcCoreDemo.CrossCutting.InversionOfControl\MvcCoreDemo.CrossCutting.InversionOfControl.xproj", "{8A245C71-DB2B-40B4-8742-A513786A9B23}"
EndProject
Project("{8BB2217D-0F2D-49D1-97BC-3654ED321F3B}") = "MvcCoreDemo.Event.EventHandlers", "MvcCoreDemo.Event.EventHandlers\MvcCoreDemo.Event.EventHandlers.xproj", "{310317FF-75F5-4745-86FF-7D68D2E202FC}"
EndProject
Project("{8BB2217D-0F2D-49D1-97BC-3654ED321F3B}") = "MvcCoreDemo.Event.Events", "MvcCoreDemo.Event.Events\MvcCoreDemo.Event.Events.xproj", "{E21F128B-D36E-497E-A416-159E3D74FE53}"
EndProject
Global
	GlobalSection(SolutionConfigurationPlatforms) = preSolution
		Debug|Any CPU = Debug|Any CPU
		Release|Any CPU = Release|Any CPU
	EndGlobalSection
	GlobalSection(ProjectConfigurationPlatforms) = postSolution
		{2A680314-42E4-4274-9374-5AA7F5B3B6FC}.Debug|Any CPU.ActiveCfg = Debug|Any CPU
		{2A680314-42E4-4274-9374-5AA7F5B3B6FC}.Debug|Any CPU.Build.0 = Debug|Any CPU
		{2A680314-42E4-4274-9374-5AA7F5B3B6FC}.Release|Any CPU.ActiveCfg = Release|Any CPU
		{2A680314-42E4-4274-9374-5AA7F5B3B6FC}.Release|Any CPU.Build.0 = Release|Any CPU
		{19C665C7-3466-446A-9661-4063F1DBCE62}.Debug|Any CPU.ActiveCfg = Debug|Any CPU
		{19C665C7-3466-446A-9661-4063F1DBCE62}.Debug|Any CPU.Build.0 = Debug|Any CPU
		{19C665C7-3466-446A-9661-4063F1DBCE62}.Release|Any CPU.ActiveCfg = Release|Any CPU
		{19C665C7-3466-446A-9661-4063F1DBCE62}.Release|Any CPU.Build.0 = Release|Any CPU
		{FD59CBB5-FE4B-464E-B4AA-98BED46C4D22}.Debug|Any CPU.ActiveCfg = Debug|Any CPU
		{FD59CBB5-FE4B-464E-B4AA-98BED46C4D22}.Debug|Any CPU.Build.0 = Debug|Any CPU
		{FD59CBB5-FE4B-464E-B4AA-98BED46C4D22}.Release|Any CPU.ActiveCfg = Release|Any CPU
		{FD59CBB5-FE4B-464E-B4AA-98BED46C4D22}.Release|Any CPU.Build.0 = Release|Any CPU
		{AA6DF1F2-5ECB-415A-B869-977724D82132}.Debug|Any CPU.ActiveCfg = Debug|Any CPU
		{AA6DF1F2-5ECB-415A-B869-977724D82132}.Debug|Any CPU.Build.0 = Debug|Any CPU
		{AA6DF1F2-5ECB-415A-B869-977724D82132}.Release|Any CPU.ActiveCfg = Release|Any CPU
		{AA6DF1F2-5ECB-415A-B869-977724D82132}.Release|Any CPU.Build.0 = Release|Any CPU
		{98E45A66-B9ED-424F-B566-3CE346C88428}.Debug|Any CPU.ActiveCfg = Debug|Any CPU
		{98E45A66-B9ED-424F-B566-3CE346C88428}.Debug|Any CPU.Build.0 = Debug|Any CPU
		{98E45A66-B9ED-424F-B566-3CE346C88428}.Release|Any CPU.ActiveCfg = Release|Any CPU
		{98E45A66-B9ED-424F-B566-3CE346C88428}.Release|Any CPU.Build.0 = Release|Any CPU
		{8A245C71-DB2B-40B4-8742-A513786A9B23}.Debug|Any CPU.ActiveCfg = Debug|Any CPU
		{8A245C71-DB2B-40B4-8742-A513786A9B23}.Debug|Any CPU.Build.0 = Debug|Any CPU
		{8A245C71-DB2B-40B4-8742-A513786A9B23}.Release|Any CPU.ActiveCfg = Release|Any CPU
		{8A245C71-DB2B-40B4-8742-A513786A9B23}.Release|Any CPU.Build.0 = Release|Any CPU
		{310317FF-75F5-4745-86FF-7D68D2E202FC}.Debug|Any CPU.ActiveCfg = Debug|Any CPU
		{310317FF-75F5-4745-86FF-7D68D2E202FC}.Debug|Any CPU.Build.0 = Debug|Any CPU
		{310317FF-75F5-4745-86FF-7D68D2E202FC}.Release|Any CPU.ActiveCfg = Release|Any CPU
		{310317FF-75F5-4745-86FF-7D68D2E202FC}.Release|Any CPU.Build.0 = Release|Any CPU
		{E21F128B-D36E-497E-A416-159E3D74FE53}.Debug|Any CPU.ActiveCfg = Debug|Any CPU
		{E21F128B-D36E-497E-A416-159E3D74FE53}.Debug|Any CPU.Build.0 = Debug|Any CPU
		{E21F128B-D36E-497E-A416-159E3D74FE53}.Release|Any CPU.ActiveCfg = Release|Any CPU
		{E21F128B-D36E-497E-A416-159E3D74FE53}.Release|Any CPU.Build.0 = Release|Any CPU
	EndGlobalSection
	GlobalSection(SolutionProperties) = preSolution
		HideSolutionNode = FALSE
	EndGlobalSection
	GlobalSection(NestedProjects) = preSolution
		{2A680314-42E4-4274-9374-5AA7F5B3B6FC} = {D1CDD9E6-C3EA-44EF-8DCE-644247A65585}
		{F82926FE-24FE-4EE8-A814-5F63534A0E2A} = {550ED578-8B5F-45CD-AF82-4BD14F9E02F3}
		{73AB73BA-2F04-4A3B-926D-8CCA4E457821} = {550ED578-8B5F-45CD-AF82-4BD14F9E02F3}
		{571D8D31-66F1-4DE1-AE3C-C5F0A0339564} = {550ED578-8B5F-45CD-AF82-4BD14F9E02F3}
		{19C665C7-3466-446A-9661-4063F1DBCE62} = {3ADB3157-83EB-46D2-9D1B-81D7610B96CC}
		{FD59CBB5-FE4B-464E-B4AA-98BED46C4D22} = {7DEB4D8C-F82E-4FD3-9DF4-FEF958CD175F}
		{AA6DF1F2-5ECB-415A-B869-977724D82132} = {F82926FE-24FE-4EE8-A814-5F63534A0E2A}
		{98E45A66-B9ED-424F-B566-3CE346C88428} = {F82926FE-24FE-4EE8-A814-5F63534A0E2A}
		{8A245C71-DB2B-40B4-8742-A513786A9B23} = {73AB73BA-2F04-4A3B-926D-8CCA4E457821}
		{310317FF-75F5-4745-86FF-7D68D2E202FC} = {571D8D31-66F1-4DE1-AE3C-C5F0A0339564}
		{E21F128B-D36E-497E-A416-159E3D74FE53} = {571D8D31-66F1-4DE1-AE3C-C5F0A0339564}
	EndGlobalSection
EndGlobal
